
Microsoft Visual Studio Solution File, Format Version 12.00
# Visual Studio 14
VisualStudioVersion = 14.0.24720.0
MinimumVisualStudioVersion = 10.0.40219.1
Project("{FAE04EC0-301F-11D3-BF4B-00C04F79EFBC}") = "RandToe", "RandToe.csproj", "{83E96518-C68F-4069-833F-81A86C3A1921}"
EndProject
Project("{FAE04EC0-301F-11D3-BF4B-00C04F79EFBC}") = "RandToeWeb", "..\RandToeWeb\RandToeWeb.csproj", "{C19B3FEE-DA15-4FC8-97EF-DD27138590F0}"
EndProject
Project("{FAE04EC0-301F-11D3-BF4B-00C04F79EFBC}") = "RandToeConsoleRunner", "..\RandToeConsoleRunner\RandToeConsoleRunner.csproj", "{69A61566-90CA-4D51-BC04-0640714EA558}"
EndProject
Project("{FAE04EC0-301F-11D3-BF4B-00C04F79EFBC}") = "RandToeEngine", "..\RandToeEngine\RandToeEngine.csproj", "{F2F298E9-2241-450C-AA64-432C48FFE1EC}"
EndProject
Global
	GlobalSection(SolutionConfigurationPlatforms) = preSolution
		Debug|Any CPU = Debug|Any CPU
		Debug|ARM = Debug|ARM
		Debug|x64 = Debug|x64
		Debug|x86 = Debug|x86
		Release|Any CPU = Release|Any CPU
		Release|ARM = Release|ARM
		Release|x64 = Release|x64
		Release|x86 = Release|x86
	EndGlobalSection
	GlobalSection(ProjectConfigurationPlatforms) = postSolution
		{83E96518-C68F-4069-833F-81A86C3A1921}.Debug|Any CPU.ActiveCfg = Debug|x86
		{83E96518-C68F-4069-833F-81A86C3A1921}.Debug|ARM.ActiveCfg = Debug|ARM
		{83E96518-C68F-4069-833F-81A86C3A1921}.Debug|ARM.Build.0 = Debug|ARM
		{83E96518-C68F-4069-833F-81A86C3A1921}.Debug|ARM.Deploy.0 = Debug|ARM
		{83E96518-C68F-4069-833F-81A86C3A1921}.Debug|x64.ActiveCfg = Debug|x64
		{83E96518-C68F-4069-833F-81A86C3A1921}.Debug|x64.Build.0 = Debug|x64
		{83E96518-C68F-4069-833F-81A86C3A1921}.Debug|x64.Deploy.0 = Debug|x64
		{83E96518-C68F-4069-833F-81A86C3A1921}.Debug|x86.ActiveCfg = Debug|x86
		{83E96518-C68F-4069-833F-81A86C3A1921}.Debug|x86.Build.0 = Debug|x86
		{83E96518-C68F-4069-833F-81A86C3A1921}.Debug|x86.Deploy.0 = Debug|x86
		{83E96518-C68F-4069-833F-81A86C3A1921}.Release|Any CPU.ActiveCfg = Release|x86
		{83E96518-C68F-4069-833F-81A86C3A1921}.Release|ARM.ActiveCfg = Release|ARM
		{83E96518-C68F-4069-833F-81A86C3A1921}.Release|ARM.Build.0 = Release|ARM
		{83E96518-C68F-4069-833F-81A86C3A1921}.Release|ARM.Deploy.0 = Release|ARM
		{83E96518-C68F-4069-833F-81A86C3A1921}.Release|x64.ActiveCfg = Release|x64
		{83E96518-C68F-4069-833F-81A86C3A1921}.Release|x64.Build.0 = Release|x64
		{83E96518-C68F-4069-833F-81A86C3A1921}.Release|x64.Deploy.0 = Release|x64
		{83E96518-C68F-4069-833F-81A86C3A1921}.Release|x86.ActiveCfg = Release|x86
		{83E96518-C68F-4069-833F-81A86C3A1921}.Release|x86.Build.0 = Release|x86
		{83E96518-C68F-4069-833F-81A86C3A1921}.Release|x86.Deploy.0 = Release|x86
		{C19B3FEE-DA15-4FC8-97EF-DD27138590F0}.Debug|Any CPU.ActiveCfg = Debug|Any CPU
		{C19B3FEE-DA15-4FC8-97EF-DD27138590F0}.Debug|Any CPU.Build.0 = Debug|Any CPU
		{C19B3FEE-DA15-4FC8-97EF-DD27138590F0}.Debug|ARM.ActiveCfg = Debug|Any CPU
		{C19B3FEE-DA15-4FC8-97EF-DD27138590F0}.Debug|ARM.Build.0 = Debug|Any CPU
		{C19B3FEE-DA15-4FC8-97EF-DD27138590F0}.Debug|x64.ActiveCfg = Debug|Any CPU
		{C19B3FEE-DA15-4FC8-97EF-DD27138590F0}.Debug|x64.Build.0 = Debug|Any CPU
		{C19B3FEE-DA15-4FC8-97EF-DD27138590F0}.Debug|x86.ActiveCfg = Debug|Any CPU
		{C19B3FEE-DA15-4FC8-97EF-DD27138590F0}.Debug|x86.Build.0 = Debug|Any CPU
		{C19B3FEE-DA15-4FC8-97EF-DD27138590F0}.Release|Any CPU.ActiveCfg = Release|Any CPU
		{C19B3FEE-DA15-4FC8-97EF-DD27138590F0}.Release|Any CPU.Build.0 = Release|Any CPU
		{C19B3FEE-DA15-4FC8-97EF-DD27138590F0}.Release|ARM.ActiveCfg = Release|Any CPU
		{C19B3FEE-DA15-4FC8-97EF-DD27138590F0}.Release|ARM.Build.0 = Release|Any CPU
		{C19B3FEE-DA15-4FC8-97EF-DD27138590F0}.Release|x64.ActiveCfg = Release|Any CPU
		{C19B3FEE-DA15-4FC8-97EF-DD27138590F0}.Release|x64.Build.0 = Release|Any CPU
		{C19B3FEE-DA15-4FC8-97EF-DD27138590F0}.Release|x86.ActiveCfg = Release|Any CPU
		{C19B3FEE-DA15-4FC8-97EF-DD27138590F0}.Release|x86.Build.0 = Release|Any CPU
		{69A61566-90CA-4D51-BC04-0640714EA558}.Debug|Any CPU.ActiveCfg = Debug|Any CPU
		{69A61566-90CA-4D51-BC04-0640714EA558}.Debug|Any CPU.Build.0 = Debug|Any CPU
		{69A61566-90CA-4D51-BC04-0640714EA558}.Debug|ARM.ActiveCfg = Debug|Any CPU
		{69A61566-90CA-4D51-BC04-0640714EA558}.Debug|ARM.Build.0 = Debug|Any CPU
		{69A61566-90CA-4D51-BC04-0640714EA558}.Debug|x64.ActiveCfg = Debug|Any CPU
		{69A61566-90CA-4D51-BC04-0640714EA558}.Debug|x64.Build.0 = Debug|Any CPU
		{69A61566-90CA-4D51-BC04-0640714EA558}.Debug|x86.ActiveCfg = Debug|Any CPU
		{69A61566-90CA-4D51-BC04-0640714EA558}.Debug|x86.Build.0 = Debug|Any CPU
		{69A61566-90CA-4D51-BC04-0640714EA558}.Release|Any CPU.ActiveCfg = Release|Any CPU
		{69A61566-90CA-4D51-BC04-0640714EA558}.Release|Any CPU.Build.0 = Release|Any CPU
		{69A61566-90CA-4D51-BC04-0640714EA558}.Release|ARM.ActiveCfg = Release|Any CPU
		{69A61566-90CA-4D51-BC04-0640714EA558}.Release|ARM.Build.0 = Release|Any CPU
		{69A61566-90CA-4D51-BC04-0640714EA558}.Release|x64.ActiveCfg = Release|Any CPU
		{69A61566-90CA-4D51-BC04-0640714EA558}.Release|x64.Build.0 = Release|Any CPU
		{69A61566-90CA-4D51-BC04-0640714EA558}.Release|x86.ActiveCfg = Release|Any CPU
		{69A61566-90CA-4D51-BC04-0640714EA558}.Release|x86.Build.0 = Release|Any CPU
		{F2F298E9-2241-450C-AA64-432C48FFE1EC}.Debug|Any CPU.ActiveCfg = Debug|Any CPU
		{F2F298E9-2241-450C-AA64-432C48FFE1EC}.Debug|Any CPU.Build.0 = Debug|Any CPU
		{F2F298E9-2241-450C-AA64-432C48FFE1EC}.Debug|ARM.ActiveCfg = Debug|Any CPU
		{F2F298E9-2241-450C-AA64-432C48FFE1EC}.Debug|ARM.Build.0 = Debug|Any CPU
		{F2F298E9-2241-450C-AA64-432C48FFE1EC}.Debug|x64.ActiveCfg = Debug|Any CPU
		{F2F298E9-2241-450C-AA64-432C48FFE1EC}.Debug|x64.Build.0 = Debug|Any CPU
		{F2F298E9-2241-450C-AA64-432C48FFE1EC}.Debug|x86.ActiveCfg = Debug|Any CPU
		{F2F298E9-2241-450C-AA64-432C48FFE1EC}.Debug|x86.Build.0 = Debug|Any CPU
		{F2F298E9-2241-450C-AA64-432C48FFE1EC}.Release|Any CPU.ActiveCfg = Release|Any CPU
		{F2F298E9-2241-450C-AA64-432C48FFE1EC}.Release|Any CPU.Build.0 = Release|Any CPU
		{F2F298E9-2241-450C-AA64-432C48FFE1EC}.Release|ARM.ActiveCfg = Release|Any CPU
		{F2F298E9-2241-450C-AA64-432C48FFE1EC}.Release|ARM.Build.0 = Release|Any CPU
		{F2F298E9-2241-450C-AA64-432C48FFE1EC}.Release|x64.ActiveCfg = Release|Any CPU
		{F2F298E9-2241-450C-AA64-432C48FFE1EC}.Release|x64.Build.0 = Release|Any CPU
		{F2F298E9-2241-450C-AA64-432C48FFE1EC}.Release|x86.ActiveCfg = Release|Any CPU
		{F2F298E9-2241-450C-AA64-432C48FFE1EC}.Release|x86.Build.0 = Release|Any CPU
	EndGlobalSection
	GlobalSection(SolutionProperties) = preSolution
		HideSolutionNode = FALSE
	EndGlobalSection
EndGlobal
